// !$*UTF8*$!
{
	archiveVersion = 1;
	classes = {
	};
	objectVersion = 55;
	objects = {

/* Begin PBXBuildFile section */
		7E53A6952859C15D0044F7F5 /* AppDelegate.swift in Sources */ = {isa = PBXBuildFile; fileRef = 7E53A6942859C15D0044F7F5 /* AppDelegate.swift */; };
		7E53A6972859C15D0044F7F5 /* SceneDelegate.swift in Sources */ = {isa = PBXBuildFile; fileRef = 7E53A6962859C15D0044F7F5 /* SceneDelegate.swift */; };
		7E53A6992859C15D0044F7F5 /* ViewController.swift in Sources */ = {isa = PBXBuildFile; fileRef = 7E53A6982859C15D0044F7F5 /* ViewController.swift */; };
		7E53A69C2859C15D0044F7F5 /* Main.storyboard in Resources */ = {isa = PBXBuildFile; fileRef = 7E53A69A2859C15D0044F7F5 /* Main.storyboard */; };
		7E53A69E2859C15E0044F7F5 /* Assets.xcassets in Resources */ = {isa = PBXBuildFile; fileRef = 7E53A69D2859C15E0044F7F5 /* Assets.xcassets */; };
		7E53A6A12859C15E0044F7F5 /* LaunchScreen.storyboard in Resources */ = {isa = PBXBuildFile; fileRef = 7E53A69F2859C15E0044F7F5 /* LaunchScreen.storyboard */; };
		7E53A6AC2859C15E0044F7F5 /* webTests.swift in Sources */ = {isa = PBXBuildFile; fileRef = 7E53A6AB2859C15E0044F7F5 /* webTests.swift */; };
		7E53A6B62859C15E0044F7F5 /* webUITests.swift in Sources */ = {isa = PBXBuildFile; fileRef = 7E53A6B52859C15E0044F7F5 /* webUITests.swift */; };
		7E53A6B82859C15E0044F7F5 /* webUITestsLaunchTests.swift in Sources */ = {isa = PBXBuildFile; fileRef = 7E53A6B72859C15E0044F7F5 /* webUITestsLaunchTests.swift */; };
/* End PBXBuildFile section */

/* Begin PBXContainerItemProxy section */
		7E53A6A82859C15E0044F7F5 /* PBXContainerItemProxy */ = {
			isa = PBXContainerItemProxy;
			containerPortal = 7E53A6892859C15D0044F7F5 /* Project object */;
			proxyType = 1;
			remoteGlobalIDString = 7E53A6902859C15D0044F7F5;
			remoteInfo = web;
		};
		7E53A6B22859C15E0044F7F5 /* PBXContainerItemProxy */ = {
			isa = PBXContainerItemProxy;
			containerPortal = 7E53A6892859C15D0044F7F5 /* Project object */;
			proxyType = 1;
			remoteGlobalIDString = 7E53A6902859C15D0044F7F5;
			remoteInfo = web;
		};
/* End PBXContainerItemProxy section */

/* Begin PBXFileReference section */
		7E53A6912859C15D0044F7F5 /* web.app */ = {isa = PBXFileReference; explicitFileType = wrapper.application; includeInIndex = 0; path = web.app; sourceTree = BUILT_PRODUCTS_DIR; };
		7E53A6942859C15D0044F7F5 /* AppDelegate.swift */ = {isa = PBXFileReference; lastKnownFileType = sourcecode.swift; path = AppDelegate.swift; sourceTree = "<group>"; };
		7E53A6962859C15D0044F7F5 /* SceneDelegate.swift */ = {isa = PBXFileReference; lastKnownFileType = sourcecode.swift; path = SceneDelegate.swift; sourceTree = "<group>"; };
		7E53A6982859C15D0044F7F5 /* ViewController.swift */ = {isa = PBXFileReference; lastKnownFileType = sourcecode.swift; path = ViewController.swift; sourceTree = "<group>"; };
		7E53A69B2859C15D0044F7F5 /* Base */ = {isa = PBXFileReference; lastKnownFileType = file.storyboard; name = Base; path = Base.lproj/Main.storyboard; sourceTree = "<group>"; };
		7E53A69D2859C15E0044F7F5 /* Assets.xcassets */ = {isa = PBXFileReference; lastKnownFileType = folder.assetcatalog; path = Assets.xcassets; sourceTree = "<group>"; };
		7E53A6A02859C15E0044F7F5 /* Base */ = {isa = PBXFileReference; lastKnownFileType = file.storyboard; name = Base; path = Base.lproj/LaunchScreen.storyboard; sourceTree = "<group>"; };
		7E53A6A22859C15E0044F7F5 /* Info.plist */ = {isa = PBXFileReference; lastKnownFileType = text.plist.xml; path = Info.plist; sourceTree = "<group>"; };
		7E53A6A72859C15E0044F7F5 /* webTests.xctest */ = {isa = PBXFileReference; explicitFileType = wrapper.cfbundle; includeInIndex = 0; path = webTests.xctest; sourceTree = BUILT_PRODUCTS_DIR; };
		7E53A6AB2859C15E0044F7F5 /* webTests.swift */ = {isa = PBXFileReference; lastKnownFileType = sourcecode.swift; path = webTests.swift; sourceTree = "<group>"; };
		7E53A6B12859C15E0044F7F5 /* webUITests.xctest */ = {isa = PBXFileReference; explicitFileType = wrapper.cfbundle; includeInIndex = 0; path = webUITests.xctest; sourceTree = BUILT_PRODUCTS_DIR; };
		7E53A6B52859C15E0044F7F5 /* webUITests.swift */ = {isa = PBXFileReference; lastKnownFileType = sourcecode.swift; path = webUITests.swift; sourceTree = "<group>"; };
		7E53A6B72859C15E0044F7F5 /* webUITestsLaunchTests.swift */ = {isa = PBXFileReference; lastKnownFileType = sourcecode.swift; path = webUITestsLaunchTests.swift; sourceTree = "<group>"; };
/* End PBXFileReference section */

/* Begin PBXFrameworksBuildPhase section */
		7E53A68E2859C15D0044F7F5 /* Frameworks */ = {
			isa = PBXFrameworksBuildPhase;
			buildActionMask = 2147483647;
			files = (
			);
			runOnlyForDeploymentPostprocessing = 0;
		};
		7E53A6A42859C15E0044F7F5 /* Frameworks */ = {
			isa = PBXFrameworksBuildPhase;
			buildActionMask = 2147483647;
			files = (
			);
			runOnlyForDeploymentPostprocessing = 0;
		};
		7E53A6AE2859C15E0044F7F5 /* Frameworks */ = {
			isa = PBXFrameworksBuildPhase;
			buildActionMask = 2147483647;
			files = (
			);
			runOnlyForDeploymentPostprocessing = 0;
		};
/* End PBXFrameworksBuildPhase section */

/* Begin PBXGroup section */
		7E53A6882859C15D0044F7F5 = {
			isa = PBXGroup;
			children = (
				7E53A6932859C15D0044F7F5 /* web */,
				7E53A6AA2859C15E0044F7F5 /* webTests */,
				7E53A6B42859C15E0044F7F5 /* webUITests */,
				7E53A6922859C15D0044F7F5 /* Products */,
			);
			sourceTree = "<group>";
		};
		7E53A6922859C15D0044F7F5 /* Products */ = {
			isa = PBXGroup;
			children = (
				7E53A6912859C15D0044F7F5 /* web.app */,
				7E53A6A72859C15E0044F7F5 /* webTests.xctest */,
				7E53A6B12859C15E0044F7F5 /* webUITests.xctest */,
			);
			name = Products;
			sourceTree = "<group>";
		};
		7E53A6932859C15D0044F7F5 /* web */ = {
			isa = PBXGroup;
			children = (
				7E53A6942859C15D0044F7F5 /* AppDelegate.swift */,
				7E53A6962859C15D0044F7F5 /* SceneDelegate.swift */,
				7E53A6982859C15D0044F7F5 /* ViewController.swift */,
				7E53A69A2859C15D0044F7F5 /* Main.storyboard */,
				7E53A69D2859C15E0044F7F5 /* Assets.xcassets */,
				7E53A69F2859C15E0044F7F5 /* LaunchScreen.storyboard */,
				7E53A6A22859C15E0044F7F5 /* Info.plist */,
			);
			path = web;
			sourceTree = "<group>";
		};
		7E53A6AA2859C15E0044F7F5 /* webTests */ = {
			isa = PBXGroup;
			children = (
				7E53A6AB2859C15E0044F7F5 /* webTests.swift */,
			);
			path = webTests;
			sourceTree = "<group>";
		};
		7E53A6B42859C15E0044F7F5 /* webUITests */ = {
			isa = PBXGroup;
			children = (
				7E53A6B52859C15E0044F7F5 /* webUITests.swift */,
				7E53A6B72859C15E0044F7F5 /* webUITestsLaunchTests.swift */,
			);
			path = webUITests;
			sourceTree = "<group>";
		};
/* End PBXGroup section */

/* Begin PBXNativeTarget section */
		7E53A6902859C15D0044F7F5 /* web */ = {
			isa = PBXNativeTarget;
			buildConfigurationList = 7E53A6BB2859C15E0044F7F5 /* Build configuration list for PBXNativeTarget "web" */;
			buildPhases = (
				7E53A68D2859C15D0044F7F5 /* Sources */,
				7E53A68E2859C15D0044F7F5 /* Frameworks */,
				7E53A68F2859C15D0044F7F5 /* Resources */,
			);
			buildRules = (
			);
			dependencies = (
			);
			name = web;
			productName = web;
			productReference = 7E53A6912859C15D0044F7F5 /* web.app */;
			productType = "com.apple.product-type.application";
		};
		7E53A6A62859C15E0044F7F5 /* webTests */ = {
			isa = PBXNativeTarget;
			buildConfigurationList = 7E53A6BE2859C15E0044F7F5 /* Build configuration list for PBXNativeTarget "webTests" */;
			buildPhases = (
				7E53A6A32859C15E0044F7F5 /* Sources */,
				7E53A6A42859C15E0044F7F5 /* Frameworks */,
				7E53A6A52859C15E0044F7F5 /* Resources */,
			);
			buildRules = (
			);
			dependencies = (
				7E53A6A92859C15E0044F7F5 /* PBXTargetDependency */,
			);
			name = webTests;
			productName = webTests;
			productReference = 7E53A6A72859C15E0044F7F5 /* webTests.xctest */;
			productType = "com.apple.product-type.bundle.unit-test";
		};
		7E53A6B02859C15E0044F7F5 /* webUITests */ = {
			isa = PBXNativeTarget;
			buildConfigurationList = 7E53A6C12859C15E0044F7F5 /* Build configuration list for PBXNativeTarget "webUITests" */;
			buildPhases = (
				7E53A6AD2859C15E0044F7F5 /* Sources */,
				7E53A6AE2859C15E0044F7F5 /* Frameworks */,
				7E53A6AF2859C15E0044F7F5 /* Resources */,
			);
			buildRules = (
			);
			dependencies = (
				7E53A6B32859C15E0044F7F5 /* PBXTargetDependency */,
			);
			name = webUITests;
			productName = webUITests;
			productReference = 7E53A6B12859C15E0044F7F5 /* webUITests.xctest */;
			productType = "com.apple.product-type.bundle.ui-testing";
		};
/* End PBXNativeTarget section */

/* Begin PBXProject section */
		7E53A6892859C15D0044F7F5 /* Project object */ = {
			isa = PBXProject;
			attributes = {
				BuildIndependentTargetsInParallel = 1;
				LastSwiftUpdateCheck = 1340;
				LastUpgradeCheck = 1340;
				TargetAttributes = {
					7E53A6902859C15D0044F7F5 = {
						CreatedOnToolsVersion = 13.4;
					};
					7E53A6A62859C15E0044F7F5 = {
						CreatedOnToolsVersion = 13.4;
						TestTargetID = 7E53A6902859C15D0044F7F5;
					};
					7E53A6B02859C15E0044F7F5 = {
						CreatedOnToolsVersion = 13.4;
						TestTargetID = 7E53A6902859C15D0044F7F5;
					};
				};
			};
			buildConfigurationList = 7E53A68C2859C15D0044F7F5 /* Build configuration list for PBXProject "web" */;
			compatibilityVersion = "Xcode 13.0";
			developmentRegion = en;
			hasScannedForEncodings = 0;
			knownRegions = (
				en,
				Base,
			);
			mainGroup = 7E53A6882859C15D0044F7F5;
			productRefGroup = 7E53A6922859C15D0044F7F5 /* Products */;
			projectDirPath = "";
			projectRoot = "";
			targets = (
				7E53A6902859C15D0044F7F5 /* web */,
				7E53A6A62859C15E0044F7F5 /* webTests */,
				7E53A6B02859C15E0044F7F5 /* webUITests */,
			);
		};
/* End PBXProject section */

/* Begin PBXResourcesBuildPhase section */
		7E53A68F2859C15D0044F7F5 /* Resources */ = {
			isa = PBXResourcesBuildPhase;
			buildActionMask = 2147483647;
			files = (
				7E53A6A12859C15E0044F7F5 /* LaunchScreen.storyboard in Resources */,
				7E53A69E2859C15E0044F7F5 /* Assets.xcassets in Resources */,
				7E53A69C2859C15D0044F7F5 /* Main.storyboard in Resources */,
			);
			runOnlyForDeploymentPostprocessing = 0;
		};
		7E53A6A52859C15E0044F7F5 /* Resources */ = {
			isa = PBXResourcesBuildPhase;
			buildActionMask = 2147483647;
			files = (
			);
			runOnlyForDeploymentPostprocessing = 0;
		};
		7E53A6AF2859C15E0044F7F5 /* Resources */ = {
			isa = PBXResourcesBuildPhase;
			buildActionMask = 2147483647;
			files = (
			);
			runOnlyForDeploymentPostprocessing = 0;
		};
/* End PBXResourcesBuildPhase section */

/* Begin PBXSourcesBuildPhase section */
		7E53A68D2859C15D0044F7F5 /* Sources */ = {
			isa = PBXSourcesBuildPhase;
			buildActionMask = 2147483647;
			files = (
				7E53A6992859C15D0044F7F5 /* ViewController.swift in Sources */,
				7E53A6952859C15D0044F7F5 /* AppDelegate.swift in Sources */,
				7E53A6972859C15D0044F7F5 /* SceneDelegate.swift in Sources */,
			);
			runOnlyForDeploymentPostprocessing = 0;
		};
		7E53A6A32859C15E0044F7F5 /* Sources */ = {
			isa = PBXSourcesBuildPhase;
			buildActionMask = 2147483647;
			files = (
				7E53A6AC2859C15E0044F7F5 /* webTests.swift in Sources */,
			);
			runOnlyForDeploymentPostprocessing = 0;
		};
		7E53A6AD2859C15E0044F7F5 /* Sources */ = {
			isa = PBXSourcesBuildPhase;
			buildActionMask = 2147483647;
			files = (
				7E53A6B62859C15E0044F7F5 /* webUITests.swift in Sources */,
				7E53A6B82859C15E0044F7F5 /* webUITestsLaunchTests.swift in Sources */,
			);
			runOnlyForDeploymentPostprocessing = 0;
		};
/* End PBXSourcesBuildPhase section */

/* Begin PBXTargetDependency section */
		7E53A6A92859C15E0044F7F5 /* PBXTargetDependency */ = {
			isa = PBXTargetDependency;
			target = 7E53A6902859C15D0044F7F5 /* web */;
			targetProxy = 7E53A6A82859C15E0044F7F5 /* PBXContainerItemProxy */;
		};
		7E53A6B32859C15E0044F7F5 /* PBXTargetDependency */ = {
			isa = PBXTargetDependency;
			target = 7E53A6902859C15D0044F7F5 /* web */;
			targetProxy = 7E53A6B22859C15E0044F7F5 /* PBXContainerItemProxy */;
		};
/* End PBXTargetDependency section */

/* Begin PBXVariantGroup section */
		7E53A69A2859C15D0044F7F5 /* Main.storyboard */ = {
			isa = PBXVariantGroup;
			children = (
				7E53A69B2859C15D0044F7F5 /* Base */,
			);
			name = Main.storyboard;
			sourceTree = "<group>";
		};
		7E53A69F2859C15E0044F7F5 /* LaunchScreen.storyboard */ = {
			isa = PBXVariantGroup;
			children = (
				7E53A6A02859C15E0044F7F5 /* Base */,
			);
			name = LaunchScreen.storyboard;
			sourceTree = "<group>";
		};
/* End PBXVariantGroup section */

/* Begin XCBuildConfiguration section */
		7E53A6B92859C15E0044F7F5 /* Debug */ = {
			isa = XCBuildConfiguration;
			buildSettings = {
				ALWAYS_SEARCH_USER_PATHS = NO;
				CLANG_ANALYZER_NONNULL = YES;
				CLANG_ANALYZER_NUMBER_OBJECT_CONVERSION = YES_AGGRESSIVE;
				CLANG_CXX_LANGUAGE_STANDARD = "gnu++17";
				CLANG_ENABLE_MODULES = YES;
				CLANG_ENABLE_OBJC_ARC = YES;
				CLANG_ENABLE_OBJC_WEAK = YES;
				CLANG_WARN_BLOCK_CAPTURE_AUTORELEASING = YES;
				CLANG_WARN_BOOL_CONVERSION = YES;
				CLANG_WARN_COMMA = YES;
				CLANG_WARN_CONSTANT_CONVERSION = YES;
				CLANG_WARN_DEPRECATED_OBJC_IMPLEMENTATIONS = YES;
				CLANG_WARN_DIRECT_OBJC_ISA_USAGE = YES_ERROR;
				CLANG_WARN_DOCUMENTATION_COMMENTS = YES;
				CLANG_WARN_EMPTY_BODY = YES;
				CLANG_WARN_ENUM_CONVERSION = YES;
				CLANG_WARN_INFINITE_RECURSION = YES;
				CLANG_WARN_INT_CONVERSION = YES;
				CLANG_WARN_NON_LITERAL_NULL_CONVERSION = YES;
				CLANG_WARN_OBJC_IMPLICIT_RETAIN_SELF = YES;
				CLANG_WARN_OBJC_LITERAL_CONVERSION = YES;
				CLANG_WARN_OBJC_ROOT_CLASS = YES_ERROR;
				CLANG_WARN_QUOTED_INCLUDE_IN_FRAMEWORK_HEADER = YES;
				CLANG_WARN_RANGE_LOOP_ANALYSIS = YES;
				CLANG_WARN_STRICT_PROTOTYPES = YES;
				CLANG_WARN_SUSPICIOUS_MOVE = YES;
				CLANG_WARN_UNGUARDED_AVAILABILITY = YES_AGGRESSIVE;
				CLANG_WARN_UNREACHABLE_CODE = YES;
				CLANG_WARN__DUPLICATE_METHOD_MATCH = YES;
				COPY_PHASE_STRIP = NO;
				DEBUG_INFORMATION_FORMAT = dwarf;
				ENABLE_STRICT_OBJC_MSGSEND = YES;
				ENABLE_TESTABILITY = YES;
				GCC_C_LANGUAGE_STANDARD = gnu11;
				GCC_DYNAMIC_NO_PIC = NO;
				GCC_NO_COMMON_BLOCKS = YES;
				GCC_OPTIMIZATION_LEVEL = 0;
				GCC_PREPROCESSOR_DEFINITIONS = (
					"DEBUG=1",
					"$(inherited)",
				);
				GCC_WARN_64_TO_32_BIT_CONVERSION = YES;
				GCC_WARN_ABOUT_RETURN_TYPE = YES_ERROR;
				GCC_WARN_UNDECLARED_SELECTOR = YES;
				GCC_WARN_UNINITIALIZED_AUTOS = YES_AGGRESSIVE;
				GCC_WARN_UNUSED_FUNCTION = YES;
				GCC_WARN_UNUSED_VARIABLE = YES;
				IPHONEOS_DEPLOYMENT_TARGET = 15.5;
				MTL_ENABLE_DEBUG_INFO = INCLUDE_SOURCE;
				MTL_FAST_MATH = YES;
				ONLY_ACTIVE_ARCH = YES;
				SDKROOT = iphoneos;
				SWIFT_ACTIVE_COMPILATION_CONDITIONS = DEBUG;
				SWIFT_OPTIMIZATION_LEVEL = "-Onone";
			};
			name = Debug;
		};
		7E53A6BA2859C15E0044F7F5 /* Release */ = {
			isa = XCBuildConfiguration;
			buildSettings = {
				ALWAYS_SEARCH_USER_PATHS = NO;
				CLANG_ANALYZER_NONNULL = YES;
				CLANG_ANALYZER_NUMBER_OBJECT_CONVERSION = YES_AGGRESSIVE;
				CLANG_CXX_LANGUAGE_STANDARD = "gnu++17";
				CLANG_ENABLE_MODULES = YES;
				CLANG_ENABLE_OBJC_ARC = YES;
				CLANG_ENABLE_OBJC_WEAK = YES;
				CLANG_WARN_BLOCK_CAPTURE_AUTORELEASING = YES;
				CLANG_WARN_BOOL_CONVERSION = YES;
				CLANG_WARN_COMMA = YES;
				CLANG_WARN_CONSTANT_CONVERSION = YES;
				CLANG_WARN_DEPRECATED_OBJC_IMPLEMENTATIONS = YES;
				CLANG_WARN_DIRECT_OBJC_ISA_USAGE = YES_ERROR;
				CLANG_WARN_DOCUMENTATION_COMMENTS = YES;
				CLANG_WARN_EMPTY_BODY = YES;
				CLANG_WARN_ENUM_CONVERSION = YES;
				CLANG_WARN_INFINITE_RECURSION = YES;
				CLANG_WARN_INT_CONVERSION = YES;
				CLANG_WARN_NON_LITERAL_NULL_CONVERSION = YES;
				CLANG_WARN_OBJC_IMPLICIT_RETAIN_SELF = YES;
				CLANG_WARN_OBJC_LITERAL_CONVERSION = YES;
				CLANG_WARN_OBJC_ROOT_CLASS = YES_ERROR;
				CLANG_WARN_QUOTED_INCLUDE_IN_FRAMEWORK_HEADER = YES;
				CLANG_WARN_RANGE_LOOP_ANALYSIS = YES;
				CLANG_WARN_STRICT_PROTOTYPES = YES;
				CLANG_WARN_SUSPICIOUS_MOVE = YES;
				CLANG_WARN_UNGUARDED_AVAILABILITY = YES_AGGRESSIVE;
				CLANG_WARN_UNREACHABLE_CODE = YES;
				CLANG_WARN__DUPLICATE_METHOD_MATCH = YES;
				COPY_PHASE_STRIP = NO;
				DEBUG_INFORMATION_FORMAT = "dwarf-with-dsym";
				ENABLE_NS_ASSERTIONS = NO;
				ENABLE_STRICT_OBJC_MSGSEND = YES;
				GCC_C_LANGUAGE_STANDARD = gnu11;
				GCC_NO_COMMON_BLOCKS = YES;
				GCC_WARN_64_TO_32_BIT_CONVERSION = YES;
				GCC_WARN_ABOUT_RETURN_TYPE = YES_ERROR;
				GCC_WARN_UNDECLARED_SELECTOR = YES;
				GCC_WARN_UNINITIALIZED_AUTOS = YES_AGGRESSIVE;
				GCC_WARN_UNUSED_FUNCTION = YES;
				GCC_WARN_UNUSED_VARIABLE = YES;
				IPHONEOS_DEPLOYMENT_TARGET = 15.5;
				MTL_ENABLE_DEBUG_INFO = NO;
				MTL_FAST_MATH = YES;
				SDKROOT = iphoneos;
				SWIFT_COMPILATION_MODE = wholemodule;
				SWIFT_OPTIMIZATION_LEVEL = "-O";
				VALIDATE_PRODUCT = YES;
			};
			name = Release;
		};
		7E53A6BC2859C15E0044F7F5 /* Debug */ = {
			isa = XCBuildConfiguration;
			buildSettings = {
				ASSETCATALOG_COMPILER_APPICON_NAME = AppIcon;
				ASSETCATALOG_COMPILER_GLOBAL_ACCENT_COLOR_NAME = AccentColor;
				CODE_SIGN_STYLE = Automatic;
				CURRENT_PROJECT_VERSION = 1;
				GENERATE_INFOPLIST_FILE = YES;
				INFOPLIST_FILE = web/Info.plist;
				INFOPLIST_KEY_UIApplicationSupportsIndirectInputEvents = YES;
				INFOPLIST_KEY_UILaunchStoryboardName = LaunchScreen;
				INFOPLIST_KEY_UIMainStoryboardFile = Main;
				INFOPLIST_KEY_UISupportedInterfaceOrientations_iPad = "UIInterfaceOrientationPortrait UIInterfaceOrientationPortraitUpsideDown UIInterfaceOrientationLandscapeLeft UIInterfaceOrientationLandscapeRight";
				INFOPLIST_KEY_UISupportedInterfaceOrientations_iPhone = "UIInterfaceOrientationPortrait UIInterfaceOrientationLandscapeLeft UIInterfaceOrientationLandscapeRight";
				LD_RUNPATH_SEARCH_PATHS = (
					"$(inherited)",
					"@executable_path/Frameworks",
				);
				MARKETING_VERSION = 1.0;
				PRODUCT_BUNDLE_IDENTIFIER = com.shpark.web;
				PRODUCT_NAME = "$(TARGET_NAME)";
				SWIFT_EMIT_LOC_STRINGS = YES;
				SWIFT_VERSION = 5.0;
				TARGETED_DEVICE_FAMILY = "1,2";
			};
			name = Debug;
		};
		7E53A6BD2859C15E0044F7F5 /* Release */ = {
			isa = XCBuildConfiguration;
			buildSettings = {
				ASSETCATALOG_COMPILER_APPICON_NAME = AppIcon;
				ASSETCATALOG_COMPILER_GLOBAL_ACCENT_COLOR_NAME = AccentColor;
				CODE_SIGN_STYLE = Automatic;
				CURRENT_PROJECT_VERSION = 1;
				GENERATE_INFOPLIST_FILE = YES;
				INFOPLIST_FILE = web/Info.plist;
				INFOPLIST_KEY_UIApplicationSupportsIndirectInputEvents = YES;
				INFOPLIST_KEY_UILaunchStoryboardName = LaunchScreen;
				INFOPLIST_KEY_UIMainStoryboardFile = Main;
				INFOPLIST_KEY_UISupportedInterfaceOrientations_iPad = "UIInterfaceOrientationPortrait UIInterfaceOrientationPortraitUpsideDown UIInterfaceOrientationLandscapeLeft UIInterfaceOrientationLandscapeRight";
				INFOPLIST_KEY_UISupportedInterfaceOrientations_iPhone = "UIInterfaceOrientationPortrait UIInterfaceOrientationLandscapeLeft UIInterfaceOrientationLandscapeRight";
				LD_RUNPATH_SEARCH_PATHS = (
					"$(inherited)",
					"@executable_path/Frameworks",
				);
				MARKETING_VERSION = 1.0;
				PRODUCT_BUNDLE_IDENTIFIER = com.shpark.web;
				PRODUCT_NAME = "$(TARGET_NAME)";
				SWIFT_EMIT_LOC_STRINGS = YES;
				SWIFT_VERSION = 5.0;
				TARGETED_DEVICE_FAMILY = "1,2";
			};
			name = Release;
		};
		7E53A6BF2859C15E0044F7F5 /* Debug */ = {
			isa = XCBuildConfiguration;
			buildSettings = {
				ALWAYS_EMBED_SWIFT_STANDARD_LIBRARIES = YES;
				BUNDLE_LOADER = "$(TEST_HOST)";
				CODE_SIGN_STYLE = Automatic;
				CURRENT_PROJECT_VERSION = 1;
				GENERATE_INFOPLIST_FILE = YES;
				IPHONEOS_DEPLOYMENT_TARGET = 15.5;
				MARKETING_VERSION = 1.0;
				PRODUCT_BUNDLE_IDENTIFIER = com.shpark.webTests;
				PRODUCT_NAME = "$(TARGET_NAME)";
				SWIFT_EMIT_LOC_STRINGS = NO;
				SWIFT_VERSION = 5.0;
				TARGETED_DEVICE_FAMILY = "1,2";
				TEST_HOST = "$(BUILT_PRODUCTS_DIR)/web.app/web";
			};
			name = Debug;
		};
		7E53A6C02859C15E0044F7F5 /* Release */ = {
			isa = XCBuildConfiguration;
			buildSettings = {
				ALWAYS_EMBED_SWIFT_STANDARD_LIBRARIES = YES;
				BUNDLE_LOADER = "$(TEST_HOST)";
				CODE_SIGN_STYLE = Automatic;
				CURRENT_PROJECT_VERSION = 1;
				GENERATE_INFOPLIST_FILE = YES;
				IPHONEOS_DEPLOYMENT_TARGET = 15.5;
				MARKETING_VERSION = 1.0;
				PRODUCT_BUNDLE_IDENTIFIER = com.shpark.webTests;
				PRODUCT_NAME = "$(TARGET_NAME)";
				SWIFT_EMIT_LOC_STRINGS = NO;
				SWIFT_VERSION = 5.0;
				TARGETED_DEVICE_FAMILY = "1,2";
				TEST_HOST = "$(BUILT_PRODUCTS_DIR)/web.app/web";
			};
			name = Release;
		};
		7E53A6C22859C15E0044F7F5 /* Debug */ = {
			isa = XCBuildConfiguration;
			buildSettings = {
				ALWAYS_EMBED_SWIFT_STANDARD_LIBRARIES = YES;
				CODE_SIGN_STYLE = Automatic;
				CURRENT_PROJECT_VERSION = 1;
				GENERATE_INFOPLIST_FILE = YES;
				MARKETING_VERSION = 1.0;
				PRODUCT_BUNDLE_IDENTIFIER = com.shpark.webUITests;
				PRODUCT_NAME = "$(TARGET_NAME)";
				SWIFT_EMIT_LOC_STRINGS = NO;
				SWIFT_VERSION = 5.0;
				TARGETED_DEVICE_FAMILY = "1,2";
				TEST_TARGET_NAME = web;
			};
			name = Debug;
		};
		7E53A6C32859C15E0044F7F5 /* Release */ = {
			isa = XCBuildConfiguration;
			buildSettings = {
				ALWAYS_EMBED_SWIFT_STANDARD_LIBRARIES = YES;
				CODE_SIGN_STYLE = Automatic;
				CURRENT_PROJECT_VERSION = 1;
				GENERATE_INFOPLIST_FILE = YES;
				MARKETING_VERSION = 1.0;
				PRODUCT_BUNDLE_IDENTIFIER = com.shpark.webUITests;
				PRODUCT_NAME = "$(TARGET_NAME)";
				SWIFT_EMIT_LOC_STRINGS = NO;
				SWIFT_VERSION = 5.0;
				TARGETED_DEVICE_FAMILY = "1,2";
				TEST_TARGET_NAME = web;
			};
			name = Release;
		};
/* End XCBuildConfiguration section */

/* Begin XCConfigurationList section */
		7E53A68C2859C15D0044F7F5 /* Build configuration list for PBXProject "web" */ = {
			isa = XCConfigurationList;
			buildConfigurations = (
				7E53A6B92859C15E0044F7F5 /* Debug */,
				7E53A6BA2859C15E0044F7F5 /* Release */,
			);
			defaultConfigurationIsVisible = 0;
			defaultConfigurationName = Release;
		};
		7E53A6BB2859C15E0044F7F5 /* Build configuration list for PBXNativeTarget "web" */ = {
			isa = XCConfigurationList;
			buildConfigurations = (
				7E53A6BC2859C15E0044F7F5 /* Debug */,
				7E53A6BD2859C15E0044F7F5 /* Release */,
			);
			defaultConfigurationIsVisible = 0;
			defaultConfigurationName = Release;
		};
		7E53A6BE2859C15E0044F7F5 /* Build configuration list for PBXNativeTarget "webTests" */ = {
			isa = XCConfigurationList;
			buildConfigurations = (
				7E53A6BF2859C15E0044F7F5 /* Debug */,
				7E53A6C02859C15E0044F7F5 /* Release */,
			);
			defaultConfigurationIsVisible = 0;
			defaultConfigurationName = Release;
		};
		7E53A6C12859C15E0044F7F5 /* Build configuration list for PBXNativeTarget "webUITests" */ = {
			isa = XCConfigurationList;
			buildConfigurations = (
				7E53A6C22859C15E0044F7F5 /* Debug */,
				7E53A6C32859C15E0044F7F5 /* Release */,
			);
			defaultConfigurationIsVisible = 0;
			defaultConfigurationName = Release;
		};
/* End XCConfigurationList section */
	};
	rootObject = 7E53A6892859C15D0044F7F5 /* Project object */;
}
